// !$*UTF8*$!
{
	archiveVersion = 1;
	classes = {
	};
	objectVersion = 77;
	objects = {

/* Begin PBXContainerItemProxy section */
		BDF9A7482D88B328002DC6DD /* PBXContainerItemProxy */ = {
			isa = PBXContainerItemProxy;
			containerPortal = BDF9A72F2D88B327002DC6DD /* Project object */;
			proxyType = 1;
			remoteGlobalIDString = BDF9A7362D88B327002DC6DD;
			remoteInfo = FetchMobile;
		};
		BDF9A7522D88B328002DC6DD /* PBXContainerItemProxy */ = {
			isa = PBXContainerItemProxy;
			containerPortal = BDF9A72F2D88B327002DC6DD /* Project object */;
			proxyType = 1;
			remoteGlobalIDString = BDF9A7362D88B327002DC6DD;
			remoteInfo = FetchMobile;
		};
/* End PBXContainerItemProxy section */

/* Begin PBXFileReference section */
		BDF9A7372D88B327002DC6DD /* FetchMobile.app */ = {isa = PBXFileReference; explicitFileType = wrapper.application; includeInIndex = 0; path = FetchMobile.app; sourceTree = BUILT_PRODUCTS_DIR; };
		BDF9A7472D88B328002DC6DD /* FetchMobileTests.xctest */ = {isa = PBXFileReference; explicitFileType = wrapper.cfbundle; includeInIndex = 0; path = FetchMobileTests.xctest; sourceTree = BUILT_PRODUCTS_DIR; };
		BDF9A7512D88B328002DC6DD /* FetchMobileUITests.xctest */ = {isa = PBXFileReference; explicitFileType = wrapper.cfbundle; includeInIndex = 0; path = FetchMobileUITests.xctest; sourceTree = BUILT_PRODUCTS_DIR; };
/* End PBXFileReference section */

/* Begin PBXFileSystemSynchronizedRootGroup section */
		BDF9A7392D88B327002DC6DD /* FetchMobile */ = {
			isa = PBXFileSystemSynchronizedRootGroup;
			path = FetchMobile;
			sourceTree = "<group>";
		};
		BDF9A74A2D88B328002DC6DD /* FetchMobileTests */ = {
			isa = PBXFileSystemSynchronizedRootGroup;
			path = FetchMobileTests;
			sourceTree = "<group>";
		};
		BDF9A7542D88B328002DC6DD /* FetchMobileUITests */ = {
			isa = PBXFileSystemSynchronizedRootGroup;
			path = FetchMobileUITests;
			sourceTree = "<group>";
		};
/* End PBXFileSystemSynchronizedRootGroup section */

/* Begin PBXFrameworksBuildPhase section */
		BDF9A7342D88B327002DC6DD /* Frameworks */ = {
			isa = PBXFrameworksBuildPhase;
			buildActionMask = 2147483647;
			files = (
			);
			runOnlyForDeploymentPostprocessing = 0;
		};
		BDF9A7442D88B328002DC6DD /* Frameworks */ = {
			isa = PBXFrameworksBuildPhase;
			buildActionMask = 2147483647;
			files = (
			);
			runOnlyForDeploymentPostprocessing = 0;
		};
		BDF9A74E2D88B328002DC6DD /* Frameworks */ = {
			isa = PBXFrameworksBuildPhase;
			buildActionMask = 2147483647;
			files = (
			);
			runOnlyForDeploymentPostprocessing = 0;
		};
/* End PBXFrameworksBuildPhase section */

/* Begin PBXGroup section */
		BDF9A72E2D88B327002DC6DD = {
			isa = PBXGroup;
			children = (
				BDF9A7392D88B327002DC6DD /* FetchMobile */,
				BDF9A74A2D88B328002DC6DD /* FetchMobileTests */,
				BDF9A7542D88B328002DC6DD /* FetchMobileUITests */,
				BDF9A7382D88B327002DC6DD /* Products */,
			);
			sourceTree = "<group>";
		};
		BDF9A7382D88B327002DC6DD /* Products */ = {
			isa = PBXGroup;
			children = (
				BDF9A7372D88B327002DC6DD /* FetchMobile.app */,
				BDF9A7472D88B328002DC6DD /* FetchMobileTests.xctest */,
				BDF9A7512D88B328002DC6DD /* FetchMobileUITests.xctest */,
			);
			name = Products;
			sourceTree = "<group>";
		};
/* End PBXGroup section */

/* Begin PBXNativeTarget section */
		BDF9A7362D88B327002DC6DD /* FetchMobile */ = {
			isa = PBXNativeTarget;
			buildConfigurationList = BDF9A75B2D88B328002DC6DD /* Build configuration list for PBXNativeTarget "FetchMobile" */;
			buildPhases = (
				BDF9A7332D88B327002DC6DD /* Sources */,
				BDF9A7342D88B327002DC6DD /* Frameworks */,
				BDF9A7352D88B327002DC6DD /* Resources */,
			);
			buildRules = (
			);
			dependencies = (
			);
			fileSystemSynchronizedGroups = (
				BDF9A7392D88B327002DC6DD /* FetchMobile */,
			);
			name = FetchMobile;
			packageProductDependencies = (
			);
			productName = FetchMobile;
			productReference = BDF9A7372D88B327002DC6DD /* FetchMobile.app */;
			productType = "com.apple.product-type.application";
		};
		BDF9A7462D88B328002DC6DD /* FetchMobileTests */ = {
			isa = PBXNativeTarget;
			buildConfigurationList = BDF9A75E2D88B328002DC6DD /* Build configuration list for PBXNativeTarget "FetchMobileTests" */;
			buildPhases = (
				BDF9A7432D88B328002DC6DD /* Sources */,
				BDF9A7442D88B328002DC6DD /* Frameworks */,
				BDF9A7452D88B328002DC6DD /* Resources */,
			);
			buildRules = (
			);
			dependencies = (
				BDF9A7492D88B328002DC6DD /* PBXTargetDependency */,
			);
			fileSystemSynchronizedGroups = (
				BDF9A74A2D88B328002DC6DD /* FetchMobileTests */,
			);
			name = FetchMobileTests;
			packageProductDependencies = (
			);
			productName = FetchMobileTests;
			productReference = BDF9A7472D88B328002DC6DD /* FetchMobileTests.xctest */;
			productType = "com.apple.product-type.bundle.unit-test";
		};
		BDF9A7502D88B328002DC6DD /* FetchMobileUITests */ = {
			isa = PBXNativeTarget;
			buildConfigurationList = BDF9A7612D88B328002DC6DD /* Build configuration list for PBXNativeTarget "FetchMobileUITests" */;
			buildPhases = (
				BDF9A74D2D88B328002DC6DD /* Sources */,
				BDF9A74E2D88B328002DC6DD /* Frameworks */,
				BDF9A74F2D88B328002DC6DD /* Resources */,
			);
			buildRules = (
			);
			dependencies = (
				BDF9A7532D88B328002DC6DD /* PBXTargetDependency */,
			);
			fileSystemSynchronizedGroups = (
				BDF9A7542D88B328002DC6DD /* FetchMobileUITests */,
			);
			name = FetchMobileUITests;
			packageProductDependencies = (
			);
			productName = FetchMobileUITests;
			productReference = BDF9A7512D88B328002DC6DD /* FetchMobileUITests.xctest */;
			productType = "com.apple.product-type.bundle.ui-testing";
		};
/* End PBXNativeTarget section */

/* Begin PBXProject section */
		BDF9A72F2D88B327002DC6DD /* Project object */ = {
			isa = PBXProject;
			attributes = {
				BuildIndependentTargetsInParallel = 1;
				LastSwiftUpdateCheck = 1620;
				LastUpgradeCheck = 1620;
				TargetAttributes = {
					BDF9A7362D88B327002DC6DD = {
						CreatedOnToolsVersion = 16.2;
					};
					BDF9A7462D88B328002DC6DD = {
						CreatedOnToolsVersion = 16.2;
						TestTargetID = BDF9A7362D88B327002DC6DD;
					};
					BDF9A7502D88B328002DC6DD = {
						CreatedOnToolsVersion = 16.2;
						TestTargetID = BDF9A7362D88B327002DC6DD;
					};
				};
			};
			buildConfigurationList = BDF9A7322D88B327002DC6DD /* Build configuration list for PBXProject "FetchMobile" */;
			developmentRegion = en;
			hasScannedForEncodings = 0;
			knownRegions = (
				en,
				Base,
			);
			mainGroup = BDF9A72E2D88B327002DC6DD;
			minimizedProjectReferenceProxies = 1;
			preferredProjectObjectVersion = 77;
			productRefGroup = BDF9A7382D88B327002DC6DD /* Products */;
			projectDirPath = "";
			projectRoot = "";
			targets = (
				BDF9A7362D88B327002DC6DD /* FetchMobile */,
				BDF9A7462D88B328002DC6DD /* FetchMobileTests */,
				BDF9A7502D88B328002DC6DD /* FetchMobileUITests */,
			);
		};
/* End PBXProject section */

/* Begin PBXResourcesBuildPhase section */
		BDF9A7352D88B327002DC6DD /* Resources */ = {
			isa = PBXResourcesBuildPhase;
			buildActionMask = 2147483647;
			files = (
			);
			runOnlyForDeploymentPostprocessing = 0;
		};
		BDF9A7452D88B328002DC6DD /* Resources */ = {
			isa = PBXResourcesBuildPhase;
			buildActionMask = 2147483647;
			files = (
			);
			runOnlyForDeploymentPostprocessing = 0;
		};
		BDF9A74F2D88B328002DC6DD /* Resources */ = {
			isa = PBXResourcesBuildPhase;
			buildActionMask = 2147483647;
			files = (
			);
			runOnlyForDeploymentPostprocessing = 0;
		};
/* End PBXResourcesBuildPhase section */

/* Begin PBXSourcesBuildPhase section */
		BDF9A7332D88B327002DC6DD /* Sources */ = {
			isa = PBXSourcesBuildPhase;
			buildActionMask = 2147483647;
			files = (
			);
			runOnlyForDeploymentPostprocessing = 0;
		};
		BDF9A7432D88B328002DC6DD /* Sources */ = {
			isa = PBXSourcesBuildPhase;
			buildActionMask = 2147483647;
			files = (
			);
			runOnlyForDeploymentPostprocessing = 0;
		};
		BDF9A74D2D88B328002DC6DD /* Sources */ = {
			isa = PBXSourcesBuildPhase;
			buildActionMask = 2147483647;
			files = (
			);
			runOnlyForDeploymentPostprocessing = 0;
		};
/* End PBXSourcesBuildPhase section */

/* Begin PBXTargetDependency section */
		BDF9A7492D88B328002DC6DD /* PBXTargetDependency */ = {
			isa = PBXTargetDependency;
			target = BDF9A7362D88B327002DC6DD /* FetchMobile */;
			targetProxy = BDF9A7482D88B328002DC6DD /* PBXContainerItemProxy */;
		};
		BDF9A7532D88B328002DC6DD /* PBXTargetDependency */ = {
			isa = PBXTargetDependency;
			target = BDF9A7362D88B327002DC6DD /* FetchMobile */;
			targetProxy = BDF9A7522D88B328002DC6DD /* PBXContainerItemProxy */;
		};
/* End PBXTargetDependency section */

/* Begin XCBuildConfiguration section */
		BDF9A7592D88B328002DC6DD /* Debug */ = {
			isa = XCBuildConfiguration;
			buildSettings = {
				ALWAYS_SEARCH_USER_PATHS = NO;
				ASSETCATALOG_COMPILER_GENERATE_SWIFT_ASSET_SYMBOL_EXTENSIONS = YES;
				CLANG_ANALYZER_NONNULL = YES;
				CLANG_ANALYZER_NUMBER_OBJECT_CONVERSION = YES_AGGRESSIVE;
				CLANG_CXX_LANGUAGE_STANDARD = "gnu++20";
				CLANG_ENABLE_MODULES = YES;
				CLANG_ENABLE_OBJC_ARC = YES;
				CLANG_ENABLE_OBJC_WEAK = YES;
				CLANG_WARN_BLOCK_CAPTURE_AUTORELEASING = YES;
				CLANG_WARN_BOOL_CONVERSION = YES;
				CLANG_WARN_COMMA = YES;
				CLANG_WARN_CONSTANT_CONVERSION = YES;
				CLANG_WARN_DEPRECATED_OBJC_IMPLEMENTATIONS = YES;
				CLANG_WARN_DIRECT_OBJC_ISA_USAGE = YES_ERROR;
				CLANG_WARN_DOCUMENTATION_COMMENTS = YES;
				CLANG_WARN_EMPTY_BODY = YES;
				CLANG_WARN_ENUM_CONVERSION = YES;
				CLANG_WARN_INFINITE_RECURSION = YES;
				CLANG_WARN_INT_CONVERSION = YES;
				CLANG_WARN_NON_LITERAL_NULL_CONVERSION = YES;
				CLANG_WARN_OBJC_IMPLICIT_RETAIN_SELF = YES;
				CLANG_WARN_OBJC_LITERAL_CONVERSION = YES;
				CLANG_WARN_OBJC_ROOT_CLASS = YES_ERROR;
				CLANG_WARN_QUOTED_INCLUDE_IN_FRAMEWORK_HEADER = YES;
				CLANG_WARN_RANGE_LOOP_ANALYSIS = YES;
				CLANG_WARN_STRICT_PROTOTYPES = YES;
				CLANG_WARN_SUSPICIOUS_MOVE = YES;
				CLANG_WARN_UNGUARDED_AVAILABILITY = YES_AGGRESSIVE;
				CLANG_WARN_UNREACHABLE_CODE = YES;
				CLANG_WARN__DUPLICATE_METHOD_MATCH = YES;
				COPY_PHASE_STRIP = NO;
				DEBUG_INFORMATION_FORMAT = dwarf;
				ENABLE_STRICT_OBJC_MSGSEND = YES;
				ENABLE_TESTABILITY = YES;
				ENABLE_USER_SCRIPT_SANDBOXING = YES;
				GCC_C_LANGUAGE_STANDARD = gnu17;
				GCC_DYNAMIC_NO_PIC = NO;
				GCC_NO_COMMON_BLOCKS = YES;
				GCC_OPTIMIZATION_LEVEL = 0;
				GCC_PREPROCESSOR_DEFINITIONS = (
					"DEBUG=1",
					"$(inherited)",
				);
				GCC_WARN_64_TO_32_BIT_CONVERSION = YES;
				GCC_WARN_ABOUT_RETURN_TYPE = YES_ERROR;
				GCC_WARN_UNDECLARED_SELECTOR = YES;
				GCC_WARN_UNINITIALIZED_AUTOS = YES_AGGRESSIVE;
				GCC_WARN_UNUSED_FUNCTION = YES;
				GCC_WARN_UNUSED_VARIABLE = YES;
				IPHONEOS_DEPLOYMENT_TARGET = 18.2;
				LOCALIZATION_PREFERS_STRING_CATALOGS = YES;
				MTL_ENABLE_DEBUG_INFO = INCLUDE_SOURCE;
				MTL_FAST_MATH = YES;
				ONLY_ACTIVE_ARCH = YES;
				SDKROOT = iphoneos;
				SWIFT_ACTIVE_COMPILATION_CONDITIONS = "DEBUG $(inherited)";
				SWIFT_OPTIMIZATION_LEVEL = "-Onone";
			};
			name = Debug;
		};
		BDF9A75A2D88B328002DC6DD /* Release */ = {
			isa = XCBuildConfiguration;
			buildSettings = {
				ALWAYS_SEARCH_USER_PATHS = NO;
				ASSETCATALOG_COMPILER_GENERATE_SWIFT_ASSET_SYMBOL_EXTENSIONS = YES;
				CLANG_ANALYZER_NONNULL = YES;
				CLANG_ANALYZER_NUMBER_OBJECT_CONVERSION = YES_AGGRESSIVE;
				CLANG_CXX_LANGUAGE_STANDARD = "gnu++20";
				CLANG_ENABLE_MODULES = YES;
				CLANG_ENABLE_OBJC_ARC = YES;
				CLANG_ENABLE_OBJC_WEAK = YES;
				CLANG_WARN_BLOCK_CAPTURE_AUTORELEASING = YES;
				CLANG_WARN_BOOL_CONVERSION = YES;
				CLANG_WARN_COMMA = YES;
				CLANG_WARN_CONSTANT_CONVERSION = YES;
				CLANG_WARN_DEPRECATED_OBJC_IMPLEMENTATIONS = YES;
				CLANG_WARN_DIRECT_OBJC_ISA_USAGE = YES_ERROR;
				CLANG_WARN_DOCUMENTATION_COMMENTS = YES;
				CLANG_WARN_EMPTY_BODY = YES;
				CLANG_WARN_ENUM_CONVERSION = YES;
				CLANG_WARN_INFINITE_RECURSION = YES;
				CLANG_WARN_INT_CONVERSION = YES;
				CLANG_WARN_NON_LITERAL_NULL_CONVERSION = YES;
				CLANG_WARN_OBJC_IMPLICIT_RETAIN_SELF = YES;
				CLANG_WARN_OBJC_LITERAL_CONVERSION = YES;
				CLANG_WARN_OBJC_ROOT_CLASS = YES_ERROR;
				CLANG_WARN_QUOTED_INCLUDE_IN_FRAMEWORK_HEADER = YES;
				CLANG_WARN_RANGE_LOOP_ANALYSIS = YES;
				CLANG_WARN_STRICT_PROTOTYPES = YES;
				CLANG_WARN_SUSPICIOUS_MOVE = YES;
				CLANG_WARN_UNGUARDED_AVAILABILITY = YES_AGGRESSIVE;
				CLANG_WARN_UNREACHABLE_CODE = YES;
				CLANG_WARN__DUPLICATE_METHOD_MATCH = YES;
				COPY_PHASE_STRIP = NO;
				DEBUG_INFORMATION_FORMAT = "dwarf-with-dsym";
				ENABLE_NS_ASSERTIONS = NO;
				ENABLE_STRICT_OBJC_MSGSEND = YES;
				ENABLE_USER_SCRIPT_SANDBOXING = YES;
				GCC_C_LANGUAGE_STANDARD = gnu17;
				GCC_NO_COMMON_BLOCKS = YES;
				GCC_WARN_64_TO_32_BIT_CONVERSION = YES;
				GCC_WARN_ABOUT_RETURN_TYPE = YES_ERROR;
				GCC_WARN_UNDECLARED_SELECTOR = YES;
				GCC_WARN_UNINITIALIZED_AUTOS = YES_AGGRESSIVE;
				GCC_WARN_UNUSED_FUNCTION = YES;
				GCC_WARN_UNUSED_VARIABLE = YES;
				IPHONEOS_DEPLOYMENT_TARGET = 18.2;
				LOCALIZATION_PREFERS_STRING_CATALOGS = YES;
				MTL_ENABLE_DEBUG_INFO = NO;
				MTL_FAST_MATH = YES;
				SDKROOT = iphoneos;
				SWIFT_COMPILATION_MODE = wholemodule;
				VALIDATE_PRODUCT = YES;
			};
			name = Release;
		};
		BDF9A75C2D88B328002DC6DD /* Debug */ = {
			isa = XCBuildConfiguration;
			buildSettings = {
				ASSETCATALOG_COMPILER_APPICON_NAME = AppIcon;
				ASSETCATALOG_COMPILER_GLOBAL_ACCENT_COLOR_NAME = AccentColor;
				CODE_SIGN_STYLE = Automatic;
				CURRENT_PROJECT_VERSION = 1;
				DEVELOPMENT_ASSET_PATHS = "\"FetchMobile/Preview Content\"";
				DEVELOPMENT_TEAM = P9Y865GDH3;
				ENABLE_PREVIEWS = YES;
				GENERATE_INFOPLIST_FILE = YES;
				INFOPLIST_KEY_UIApplicationSceneManifest_Generation = YES;
				INFOPLIST_KEY_UIApplicationSupportsIndirectInputEvents = YES;
				INFOPLIST_KEY_UILaunchScreen_Generation = YES;
				INFOPLIST_KEY_UISupportedInterfaceOrientations_iPad = "UIInterfaceOrientationPortrait UIInterfaceOrientationPortraitUpsideDown UIInterfaceOrientationLandscapeLeft UIInterfaceOrientationLandscapeRight";
				INFOPLIST_KEY_UISupportedInterfaceOrientations_iPhone = "UIInterfaceOrientationPortrait UIInterfaceOrientationLandscapeLeft UIInterfaceOrientationLandscapeRight";
				LD_RUNPATH_SEARCH_PATHS = (
					"$(inherited)",
					"@executable_path/Frameworks",
				);
				MARKETING_VERSION = 1.0;
				PRODUCT_BUNDLE_IDENTIFIER = june.FetchMobile;
				PRODUCT_NAME = "$(TARGET_NAME)";
				SWIFT_EMIT_LOC_STRINGS = YES;
				SWIFT_VERSION = 5.0;
				TARGETED_DEVICE_FAMILY = "1,2";
			};
			name = Debug;
		};
		BDF9A75D2D88B328002DC6DD /* Release */ = {
			isa = XCBuildConfiguration;
			buildSettings = {
				ASSETCATALOG_COMPILER_APPICON_NAME = AppIcon;
				ASSETCATALOG_COMPILER_GLOBAL_ACCENT_COLOR_NAME = AccentColor;
				CODE_SIGN_STYLE = Automatic;
				CURRENT_PROJECT_VERSION = 1;
				DEVELOPMENT_ASSET_PATHS = "\"FetchMobile/Preview Content\"";
				DEVELOPMENT_TEAM = P9Y865GDH3;
				ENABLE_PREVIEWS = YES;
				GENERATE_INFOPLIST_FILE = YES;
				INFOPLIST_KEY_UIApplicationSceneManifest_Generation = YES;
				INFOPLIST_KEY_UIApplicationSupportsIndirectInputEvents = YES;
				INFOPLIST_KEY_UILaunchScreen_Generation = YES;
				INFOPLIST_KEY_UISupportedInterfaceOrientations_iPad = "UIInterfaceOrientationPortrait UIInterfaceOrientationPortraitUpsideDown UIInterfaceOrientationLandscapeLeft UIInterfaceOrientationLandscapeRight";
				INFOPLIST_KEY_UISupportedInterfaceOrientations_iPhone = "UIInterfaceOrientationPortrait UIInterfaceOrientationLandscapeLeft UIInterfaceOrientationLandscapeRight";
				LD_RUNPATH_SEARCH_PATHS = (
					"$(inherited)",
					"@executable_path/Frameworks",
				);
				MARKETING_VERSION = 1.0;
				PRODUCT_BUNDLE_IDENTIFIER = june.FetchMobile;
				PRODUCT_NAME = "$(TARGET_NAME)";
				SWIFT_EMIT_LOC_STRINGS = YES;
				SWIFT_VERSION = 5.0;
				TARGETED_DEVICE_FAMILY = "1,2";
			};
			name = Release;
		};
		BDF9A75F2D88B328002DC6DD /* Debug */ = {
			isa = XCBuildConfiguration;
			buildSettings = {
				BUNDLE_LOADER = "$(TEST_HOST)";
				CODE_SIGN_STYLE = Automatic;
				CURRENT_PROJECT_VERSION = 1;
				DEVELOPMENT_TEAM = P9Y865GDH3;
				GENERATE_INFOPLIST_FILE = YES;
				IPHONEOS_DEPLOYMENT_TARGET = 18.2;
				MARKETING_VERSION = 1.0;
				PRODUCT_BUNDLE_IDENTIFIER = june.FetchMobileTests;
				PRODUCT_NAME = "$(TARGET_NAME)";
				SWIFT_EMIT_LOC_STRINGS = NO;
				SWIFT_VERSION = 5.0;
				TARGETED_DEVICE_FAMILY = "1,2";
				TEST_HOST = "$(BUILT_PRODUCTS_DIR)/FetchMobile.app/$(BUNDLE_EXECUTABLE_FOLDER_PATH)/FetchMobile";
			};
			name = Debug;
		};
		BDF9A7602D88B328002DC6DD /* Release */ = {
			isa = XCBuildConfiguration;
			buildSettings = {
				BUNDLE_LOADER = "$(TEST_HOST)";
				CODE_SIGN_STYLE = Automatic;
				CURRENT_PROJECT_VERSION = 1;
				DEVELOPMENT_TEAM = P9Y865GDH3;
				GENERATE_INFOPLIST_FILE = YES;
				IPHONEOS_DEPLOYMENT_TARGET = 18.2;
				MARKETING_VERSION = 1.0;
				PRODUCT_BUNDLE_IDENTIFIER = june.FetchMobileTests;
				PRODUCT_NAME = "$(TARGET_NAME)";
				SWIFT_EMIT_LOC_STRINGS = NO;
				SWIFT_VERSION = 5.0;
				TARGETED_DEVICE_FAMILY = "1,2";
				TEST_HOST = "$(BUILT_PRODUCTS_DIR)/FetchMobile.app/$(BUNDLE_EXECUTABLE_FOLDER_PATH)/FetchMobile";
			};
			name = Release;
		};
		BDF9A7622D88B328002DC6DD /* Debug */ = {
			isa = XCBuildConfiguration;
			buildSettings = {
				CODE_SIGN_STYLE = Automatic;
				CURRENT_PROJECT_VERSION = 1;
				DEVELOPMENT_TEAM = P9Y865GDH3;
				GENERATE_INFOPLIST_FILE = YES;
				MARKETING_VERSION = 1.0;
				PRODUCT_BUNDLE_IDENTIFIER = june.FetchMobileUITests;
				PRODUCT_NAME = "$(TARGET_NAME)";
				SWIFT_EMIT_LOC_STRINGS = NO;
				SWIFT_VERSION = 5.0;
				TARGETED_DEVICE_FAMILY = "1,2";
				TEST_TARGET_NAME = FetchMobile;
			};
			name = Debug;
		};
		BDF9A7632D88B328002DC6DD /* Release */ = {
			isa = XCBuildConfiguration;
			buildSettings = {
				CODE_SIGN_STYLE = Automatic;
				CURRENT_PROJECT_VERSION = 1;
				DEVELOPMENT_TEAM = P9Y865GDH3;
				GENERATE_INFOPLIST_FILE = YES;
				MARKETING_VERSION = 1.0;
				PRODUCT_BUNDLE_IDENTIFIER = june.FetchMobileUITests;
				PRODUCT_NAME = "$(TARGET_NAME)";
				SWIFT_EMIT_LOC_STRINGS = NO;
				SWIFT_VERSION = 5.0;
				TARGETED_DEVICE_FAMILY = "1,2";
				TEST_TARGET_NAME = FetchMobile;
			};
			name = Release;
		};
/* End XCBuildConfiguration section */

/* Begin XCConfigurationList section */
		BDF9A7322D88B327002DC6DD /* Build configuration list for PBXProject "FetchMobile" */ = {
			isa = XCConfigurationList;
			buildConfigurations = (
				BDF9A7592D88B328002DC6DD /* Debug */,
				BDF9A75A2D88B328002DC6DD /* Release */,
			);
			defaultConfigurationIsVisible = 0;
			defaultConfigurationName = Release;
		};
		BDF9A75B2D88B328002DC6DD /* Build configuration list for PBXNativeTarget "FetchMobile" */ = {
			isa = XCConfigurationList;
			buildConfigurations = (
				BDF9A75C2D88B328002DC6DD /* Debug */,
				BDF9A75D2D88B328002DC6DD /* Release */,
			);
			defaultConfigurationIsVisible = 0;
			defaultConfigurationName = Release;
		};
		BDF9A75E2D88B328002DC6DD /* Build configuration list for PBXNativeTarget "FetchMobileTests" */ = {
			isa = XCConfigurationList;
			buildConfigurations = (
				BDF9A75F2D88B328002DC6DD /* Debug */,
				BDF9A7602D88B328002DC6DD /* Release */,
			);
			defaultConfigurationIsVisible = 0;
			defaultConfigurationName = Release;
		};
		BDF9A7612D88B328002DC6DD /* Build configuration list for PBXNativeTarget "FetchMobileUITests" */ = {
			isa = XCConfigurationList;
			buildConfigurations = (
				BDF9A7622D88B328002DC6DD /* Debug */,
				BDF9A7632D88B328002DC6DD /* Release */,
			);
			defaultConfigurationIsVisible = 0;
			defaultConfigurationName = Release;
		};
/* End XCConfigurationList section */
	};
	rootObject = BDF9A72F2D88B327002DC6DD /* Project object */;
}
